{
  "nodes": {
    "catppuccin": {
      "inputs": {
        "nixpkgs": [
          "nixpkgs"
        ]
      },
      "locked": {
        "lastModified": 1737579274,
        "narHash": "sha256-8kBIYfn8TI9jbffhDNS12SdbQHb9ITXflwcgIJBeGqw=",
        "owner": "catppuccin",
        "repo": "nix",
        "rev": "06f0ea19334bcc8112e6d671fd53e61f9e3ad63a",
        "type": "github"
      },
      "original": {
        "owner": "catppuccin",
        "repo": "nix",
        "type": "github"
      }
    },
    "flake-compat": {
      "flake": false,
      "locked": {
        "lastModified": 1733328505,
        "narHash": "sha256-NeCCThCEP3eCl2l/+27kNNK7QrwZB1IJCrXfrbv5oqU=",
        "owner": "edolstra",
        "repo": "flake-compat",
        "rev": "ff81ac966bb2cae68946d5ed5fc4994f96d0ffec",
        "type": "github"
      },
      "original": {
        "owner": "edolstra",
        "repo": "flake-compat",
        "type": "github"
      }
    },
    "flake-utils": {
      "inputs": {
        "systems": "systems"
      },
      "locked": {
        "lastModified": 1731533236,
        "narHash": "sha256-l0KFg5HjrsfsO/JpG+r7fRrqm12kzFHyUHqHCVpMMbI=",
        "owner": "numtide",
        "repo": "flake-utils",
        "rev": "11707dc2f618dd54ca8739b309ec4fc024de578b",
        "type": "github"
      },
      "original": {
        "owner": "numtide",
        "repo": "flake-utils",
        "type": "github"
      }
    },
    "home-manager": {
      "inputs": {
        "nixpkgs": [
          "nixpkgs"
        ]
      },
      "locked": {
        "lastModified": 1738448366,
        "narHash": "sha256-4ATtQqBlgsGqkHTemta0ydY6f7JBRXz4Hf574NHQpkg=",
        "owner": "nix-community",
        "repo": "home-manager",
        "rev": "18fa9f323d8adbb0b7b8b98a8488db308210ed93",
        "type": "github"
      },
      "original": {
        "owner": "nix-community",
        "repo": "home-manager",
        "type": "github"
      }
    },
    "nil": {
      "inputs": {
        "flake-utils": "flake-utils",
        "nixpkgs": [
          "nixpkgs"
        ],
        "rust-overlay": "rust-overlay"
      },
      "locked": {
        "lastModified": 1732053863,
        "narHash": "sha256-DCIVdlb81Fct2uwzbtnawLBC/U03U2hqx8trqTJB7WA=",
        "owner": "oxalica",
        "repo": "nil",
        "rev": "2e24c9834e3bb5aa2a3701d3713b43a6fb106362",
        "type": "github"
      },
      "original": {
        "owner": "oxalica",
        "repo": "nil",
        "type": "github"
      }
    },
    "nix-ld": {
      "inputs": {
        "nixpkgs": [
          "nixpkgs"
        ]
      },
      "locked": {
        "lastModified": 1737361468,
        "narHash": "sha256-+CtIrQZ22MOAOHcpg1zbhX/fVkmEc8A8lYVpXAbXElQ=",
        "owner": "nix-community",
        "repo": "nix-ld",
        "rev": "7f15f8622b63b907fef137689f4528a9447d9377",
        "type": "github"
      },
      "original": {
        "owner": "nix-community",
        "repo": "nix-ld",
        "type": "github"
      }
    },
    "nixos-06cb-009a-fingerprint-sensor": {
      "inputs": {
        "nixpkgs": [
          "nixpkgs"
        ]
      },
      "locked": {
        "lastModified": 1734692513,
        "narHash": "sha256-3QEzFFrkXLj/JgZGoLaxq/pPkflSXfBOP10bXL8/Niw=",
        "owner": "ahbnr",
        "repo": "nixos-06cb-009a-fingerprint-sensor",
        "rev": "3678b193efa1e06aab86058aecee18ddaa8878d2",
        "type": "github"
      },
      "original": {
        "owner": "ahbnr",
        "ref": "24.11",
        "repo": "nixos-06cb-009a-fingerprint-sensor",
        "type": "github"
      }
    },
    "nixos-hardware": {
      "locked": {
        "lastModified": 1738471961,
        "narHash": "sha256-cgXDFrplNGs7bCVzXhRofjD8oJYqqXGcmUzXjHmip6Y=",
        "owner": "NixOS",
        "repo": "nixos-hardware",
        "rev": "537286c3c59b40311e5418a180b38034661d2536",
        "type": "github"
      },
      "original": {
        "owner": "NixOS",
        "ref": "master",
        "repo": "nixos-hardware",
        "type": "github"
      }
    },
    "nixos-wsl": {
      "inputs": {
        "flake-compat": "flake-compat",
        "nixpkgs": [
          "nixpkgs"
        ]
      },
      "locked": {
        "lastModified": 1736095716,
        "narHash": "sha256-csysw/Szu98QDiA2lhWk9seYOyCebeVEWL89zh1cduM=",
        "owner": "nix-community",
        "repo": "NixOS-WSL",
        "rev": "63c3b4ed1712a3a0621002cd59bfdc80875ecbb0",
        "type": "github"
      },
      "original": {
        "owner": "nix-community",
        "repo": "NixOS-WSL",
        "type": "github"
      }
    },
    "nixpkgs": {
      "locked": {
        "lastModified": 1738410390,
        "narHash": "sha256-xvTo0Aw0+veek7hvEVLzErmJyQkEcRk6PSR4zsRQFEc=",
        "owner": "NixOS",
        "repo": "nixpkgs",
        "rev": "3a228057f5b619feb3186e986dbe76278d707b6e",
        "type": "github"
      },
      "original": {
        "id": "nixpkgs",
        "ref": "nixos-unstable",
        "type": "indirect"
      }
    },
    "root": {
      "inputs": {
        "catppuccin": "catppuccin",
        "home-manager": "home-manager",
        "nil": "nil",
        "nix-ld": "nix-ld",
        "nixos-06cb-009a-fingerprint-sensor": "nixos-06cb-009a-fingerprint-sensor",
        "nixos-hardware": "nixos-hardware",
        "nixos-wsl": "nixos-wsl",
        "nixpkgs": "nixpkgs"
      }
    },
    "rust-overlay": {
      "inputs": {
        "nixpkgs": [
          "nil",
          "nixpkgs"
        ]
      },
      "locked": {
        "lastModified": 1731983527,
        "narHash": "sha256-JECaBgC0pQ91Hq3W4unH6K9to8s2Zl2sPNu7bLOv4ek=",
        "owner": "oxalica",
        "repo": "rust-overlay",
        "rev": "71287228d96e9568e1e70c6bbfa3f992d145947b",
        "type": "github"
      },
      "original": {
        "owner": "oxalica",
        "repo": "rust-overlay",
        "type": "github"
      }
    },
    "systems": {
      "locked": {
        "lastModified": 1681028828,
        "narHash": "sha256-Vy1rq5AaRuLzOxct8nz4T6wlgyUR7zLU309k9mBC768=",
        "owner": "nix-systems",
        "repo": "default",
        "rev": "da67096a3b9bf56a91d16901293e51ba5b49a27e",
        "type": "github"
      },
      "original": {
        "owner": "nix-systems",
        "repo": "default",
        "type": "github"
      }
    }
  },
  "root": "root",
  "version": 7
}
